
Microsoft Visual Studio Solution File, Format Version 12.00
# Visual Studio 15
VisualStudioVersion = 15.0.28010.2036
MinimumVisualStudioVersion = 10.0.40219.1
Project("{FAE04EC0-301F-11D3-BF4B-00C04F79EFBC}") = "ErgoLine", "ErgoLine\ErgoLine.csproj", "{CD779D7E-C8CA-4A70-8467-ED5C10B30D83}"
EndProject
Global
	GlobalSection(SolutionConfigurationPlatforms) = preSolution
		Debug|Any CPU = Debug|Any CPU
		Release|Any CPU = Release|Any CPU
	EndGlobalSection
	GlobalSection(ProjectConfigurationPlatforms) = postSolution
		{CD779D7E-C8CA-4A70-8467-ED5C10B30D83}.Debug|Any CPU.ActiveCfg = Debug|Any CPU
		{CD779D7E-C8CA-4A70-8467-ED5C10B30D83}.Debug|Any CPU.Build.0 = Debug|Any CPU
		{CD779D7E-C8CA-4A70-8467-ED5C10B30D83}.Release|Any CPU.ActiveCfg = Release|Any CPU
		{CD779D7E-C8CA-4A70-8467-ED5C10B30D83}.Release|Any CPU.Build.0 = Release|Any CPU
	EndGlobalSection
	GlobalSection(SolutionProperties) = preSolution
		HideSolutionNode = FALSE
	EndGlobalSection
	GlobalSection(ExtensibilityGlobals) = postSolution
		SolutionGuid = {58A664C0-487E-45D5-8197-C10054A38488}
	EndGlobalSection
EndGlobal
